<?xml version="1.0" encoding="utf-8"?>
<Project ToolsVersion="4.0" xmlns="http://schemas.microsoft.com/developer/msbuild/2003">
  <ItemGroup>
    <Filter Include="ソース ファイル">
      <UniqueIdentifier>{4FC737F1-C7A5-4376-A066-2A32D752A2FF}</UniqueIdentifier>
      <Extensions>cpp;c;cc;cxx;c++;cppm;ixx;def;odl;idl;hpj;bat;asm;asmx</Extensions>
    </Filter>
    <Filter Include="ヘッダー ファイル">
      <UniqueIdentifier>{93995380-89BD-4b04-88EB-625FBE52EBFB}</UniqueIdentifier>
      <Extensions>h;hh;hpp;hxx;h++;hm;inl;inc;ipp;xsd</Extensions>
    </Filter>
    <Filter Include="リソース ファイル">
      <UniqueIdentifier>{67DA6AB6-F800-4c08-8B7A-83BB121AAD01}</UniqueIdentifier>
      <Extensions>rc;ico;cur;bmp;dlg;rc2;rct;bin;rgs;gif;jpg;jpeg;jpe;resx;tiff;tif;png;wav;mfcribbon-ms</Extensions>
    </Filter>
    <Filter Include="ヘッダー ファイル\Crypto++">
      <UniqueIdentifier>{c8998239-a0e5-4821-98df-ec3a4589d953}</UniqueIdentifier>
    </Filter>
  </ItemGroup>
  <ItemGroup>
    <ClCompile Include="main.cpp">
      <Filter>ソース ファイル</Filter>
    </ClCompile>
  </ItemGroup>
  <ItemGroup>
    <ClInclude Include="..\depends\cryptopp890\zlib.h">
      <Filter>ヘッダー ファイル\Crypto++</Filter>
    </ClInclude>
    <ClInclude Include="..\depends\cryptopp890\3way.h">
      <Filter>ヘッダー ファイル\Crypto++</Filter>
    </ClInclude>
    <ClInclude Include="..\depends\cryptopp890\adler32.h">
      <Filter>ヘッダー ファイル\Crypto++</Filter>
    </ClInclude>
    <ClInclude Include="..\depends\cryptopp890\adv_simd.h">
      <Filter>ヘッダー ファイル\Crypto++</Filter>
    </ClInclude>
    <ClInclude Include="..\depends\cryptopp890\aes.h">
      <Filter>ヘッダー ファイル\Crypto++</Filter>
    </ClInclude>
    <ClInclude Include="..\depends\cryptopp890\aes_armv4.h">
      <Filter>ヘッダー ファイル\Crypto++</Filter>
    </ClInclude>
    <ClInclude Include="..\depends\cryptopp890\algebra.h">
      <Filter>ヘッダー ファイル\Crypto++</Filter>
    </ClInclude>
    <ClInclude Include="..\depends\cryptopp890\algparam.h">
      <Filter>ヘッダー ファイル\Crypto++</Filter>
    </ClInclude>
    <ClInclude Include="..\depends\cryptopp890\allocate.h">
      <Filter>ヘッダー ファイル\Crypto++</Filter>
    </ClInclude>
    <ClInclude Include="..\depends\cryptopp890\arc4.h">
      <Filter>ヘッダー ファイル\Crypto++</Filter>
    </ClInclude>
    <ClInclude Include="..\depends\cryptopp890\argnames.h">
      <Filter>ヘッダー ファイル\Crypto++</Filter>
    </ClInclude>
    <ClInclude Include="..\depends\cryptopp890\aria.h">
      <Filter>ヘッダー ファイル\Crypto++</Filter>
    </ClInclude>
    <ClInclude Include="..\depends\cryptopp890\arm_simd.h">
      <Filter>ヘッダー ファイル\Crypto++</Filter>
    </ClInclude>
    <ClInclude Include="..\depends\cryptopp890\asn.h">
      <Filter>ヘッダー ファイル\Crypto++</Filter>
    </ClInclude>
    <ClInclude Include="..\depends\cryptopp890\authenc.h">
      <Filter>ヘッダー ファイル\Crypto++</Filter>
    </ClInclude>
    <ClInclude Include="..\depends\cryptopp890\base32.h">
      <Filter>ヘッダー ファイル\Crypto++</Filter>
    </ClInclude>
    <ClInclude Include="..\depends\cryptopp890\base64.h">
      <Filter>ヘッダー ファイル\Crypto++</Filter>
    </ClInclude>
    <ClInclude Include="..\depends\cryptopp890\basecode.h">
      <Filter>ヘッダー ファイル\Crypto++</Filter>
    </ClInclude>
    <ClInclude Include="..\depends\cryptopp890\bench.h">
      <Filter>ヘッダー ファイル\Crypto++</Filter>
    </ClInclude>
    <ClInclude Include="..\depends\cryptopp890\blake2.h">
      <Filter>ヘッダー ファイル\Crypto++</Filter>
    </ClInclude>
    <ClInclude Include="..\depends\cryptopp890\blowfish.h">
      <Filter>ヘッダー ファイル\Crypto++</Filter>
    </ClInclude>
    <ClInclude Include="..\depends\cryptopp890\blumshub.h">
      <Filter>ヘッダー ファイル\Crypto++</Filter>
    </ClInclude>
    <ClInclude Include="..\depends\cryptopp890\camellia.h">
      <Filter>ヘッダー ファイル\Crypto++</Filter>
    </ClInclude>
    <ClInclude Include="..\depends\cryptopp890\cast.h">
      <Filter>ヘッダー ファイル\Crypto++</Filter>
    </ClInclude>
    <ClInclude Include="..\depends\cryptopp890\cbcmac.h">
      <Filter>ヘッダー ファイル\Crypto++</Filter>
    </ClInclude>
    <ClInclude Include="..\depends\cryptopp890\ccm.h">
      <Filter>ヘッダー ファイル\Crypto++</Filter>
    </ClInclude>
    <ClInclude Include="..\depends\cryptopp890\chacha.h">
      <Filter>ヘッダー ファイル\Crypto++</Filter>
    </ClInclude>
    <ClInclude Include="..\depends\cryptopp890\chachapoly.h">
      <Filter>ヘッダー ファイル\Crypto++</Filter>
    </ClInclude>
    <ClInclude Include="..\depends\cryptopp890\cham.h">
      <Filter>ヘッダー ファイル\Crypto++</Filter>
    </ClInclude>
    <ClInclude Include="..\depends\cryptopp890\channels.h">
      <Filter>ヘッダー ファイル\Crypto++</Filter>
    </ClInclude>
    <ClInclude Include="..\depends\cryptopp890\cmac.h">
      <Filter>ヘッダー ファイル\Crypto++</Filter>
    </ClInclude>
    <ClInclude Include="..\depends\cryptopp890\config.h">
      <Filter>ヘッダー ファイル\Crypto++</Filter>
    </ClInclude>
    <ClInclude Include="..\depends\cryptopp890\config_align.h">
      <Filter>ヘッダー ファイル\Crypto++</Filter>
    </ClInclude>
    <ClInclude Include="..\depends\cryptopp890\config_asm.h">
      <Filter>ヘッダー ファイル\Crypto++</Filter>
    </ClInclude>
    <ClInclude Include="..\depends\cryptopp890\config_cpu.h">
      <Filter>ヘッダー ファイル\Crypto++</Filter>
    </ClInclude>
    <ClInclude Include="..\depends\cryptopp890\config_cxx.h">
      <Filter>ヘッダー ファイル\Crypto++</Filter>
    </ClInclude>
    <ClInclude Include="..\depends\cryptopp890\config_dll.h">
      <Filter>ヘッダー ファイル\Crypto++</Filter>
    </ClInclude>
    <ClInclude Include="..\depends\cryptopp890\config_int.h">
      <Filter>ヘッダー ファイル\Crypto++</Filter>
    </ClInclude>
    <ClInclude Include="..\depends\cryptopp890\config_misc.h">
      <Filter>ヘッダー ファイル\Crypto++</Filter>
    </ClInclude>
    <ClInclude Include="..\depends\cryptopp890\config_ns.h">
      <Filter>ヘッダー ファイル\Crypto++</Filter>
    </ClInclude>
    <ClInclude Include="..\depends\cryptopp890\config_os.h">
      <Filter>ヘッダー ファイル\Crypto++</Filter>
    </ClInclude>
    <ClInclude Include="..\depends\cryptopp890\config_ver.h">
      <Filter>ヘッダー ファイル\Crypto++</Filter>
    </ClInclude>
    <ClInclude Include="..\depends\cryptopp890\cpu.h">
      <Filter>ヘッダー ファイル\Crypto++</Filter>
    </ClInclude>
    <ClInclude Include="..\depends\cryptopp890\crc.h">
      <Filter>ヘッダー ファイル\Crypto++</Filter>
    </ClInclude>
    <ClInclude Include="..\depends\cryptopp890\cryptlib.h">
      <Filter>ヘッダー ファイル\Crypto++</Filter>
    </ClInclude>
    <ClInclude Include="..\depends\cryptopp890\darn.h">
      <Filter>ヘッダー ファイル\Crypto++</Filter>
    </ClInclude>
    <ClInclude Include="..\depends\cryptopp890\default.h">
      <Filter>ヘッダー ファイル\Crypto++</Filter>
    </ClInclude>
    <ClInclude Include="..\depends\cryptopp890\des.h">
      <Filter>ヘッダー ファイル\Crypto++</Filter>
    </ClInclude>
    <ClInclude Include="..\depends\cryptopp890\dh.h">
      <Filter>ヘッダー ファイル\Crypto++</Filter>
    </ClInclude>
    <ClInclude Include="..\depends\cryptopp890\dh2.h">
      <Filter>ヘッダー ファイル\Crypto++</Filter>
    </ClInclude>
    <ClInclude Include="..\depends\cryptopp890\dll.h">
      <Filter>ヘッダー ファイル\Crypto++</Filter>
    </ClInclude>
    <ClInclude Include="..\depends\cryptopp890\dmac.h">
      <Filter>ヘッダー ファイル\Crypto++</Filter>
    </ClInclude>
    <ClInclude Include="..\depends\cryptopp890\donna.h">
      <Filter>ヘッダー ファイル\Crypto++</Filter>
    </ClInclude>
    <ClInclude Include="..\depends\cryptopp890\donna_32.h">
      <Filter>ヘッダー ファイル\Crypto++</Filter>
    </ClInclude>
    <ClInclude Include="..\depends\cryptopp890\donna_64.h">
      <Filter>ヘッダー ファイル\Crypto++</Filter>
    </ClInclude>
    <ClInclude Include="..\depends\cryptopp890\donna_sse.h">
      <Filter>ヘッダー ファイル\Crypto++</Filter>
    </ClInclude>
    <ClInclude Include="..\depends\cryptopp890\drbg.h">
      <Filter>ヘッダー ファイル\Crypto++</Filter>
    </ClInclude>
    <ClInclude Include="..\depends\cryptopp890\dsa.h">
      <Filter>ヘッダー ファイル\Crypto++</Filter>
    </ClInclude>
    <ClInclude Include="..\depends\cryptopp890\eax.h">
      <Filter>ヘッダー ファイル\Crypto++</Filter>
    </ClInclude>
    <ClInclude Include="..\depends\cryptopp890\ec2n.h">
      <Filter>ヘッダー ファイル\Crypto++</Filter>
    </ClInclude>
    <ClInclude Include="..\depends\cryptopp890\eccrypto.h">
      <Filter>ヘッダー ファイル\Crypto++</Filter>
    </ClInclude>
    <ClInclude Include="..\depends\cryptopp890\ecp.h">
      <Filter>ヘッダー ファイル\Crypto++</Filter>
    </ClInclude>
    <ClInclude Include="..\depends\cryptopp890\ecpoint.h">
      <Filter>ヘッダー ファイル\Crypto++</Filter>
    </ClInclude>
    <ClInclude Include="..\depends\cryptopp890\elgamal.h">
      <Filter>ヘッダー ファイル\Crypto++</Filter>
    </ClInclude>
    <ClInclude Include="..\depends\cryptopp890\emsa2.h">
      <Filter>ヘッダー ファイル\Crypto++</Filter>
    </ClInclude>
    <ClInclude Include="..\depends\cryptopp890\eprecomp.h">
      <Filter>ヘッダー ファイル\Crypto++</Filter>
    </ClInclude>
    <ClInclude Include="..\depends\cryptopp890\esign.h">
      <Filter>ヘッダー ファイル\Crypto++</Filter>
    </ClInclude>
    <ClInclude Include="..\depends\cryptopp890\factory.h">
      <Filter>ヘッダー ファイル\Crypto++</Filter>
    </ClInclude>
    <ClInclude Include="..\depends\cryptopp890\fhmqv.h">
      <Filter>ヘッダー ファイル\Crypto++</Filter>
    </ClInclude>
    <ClInclude Include="..\depends\cryptopp890\files.h">
      <Filter>ヘッダー ファイル\Crypto++</Filter>
    </ClInclude>
    <ClInclude Include="..\depends\cryptopp890\filters.h">
      <Filter>ヘッダー ファイル\Crypto++</Filter>
    </ClInclude>
    <ClInclude Include="..\depends\cryptopp890\fips140.h">
      <Filter>ヘッダー ファイル\Crypto++</Filter>
    </ClInclude>
    <ClInclude Include="..\depends\cryptopp890\fltrimpl.h">
      <Filter>ヘッダー ファイル\Crypto++</Filter>
    </ClInclude>
    <ClInclude Include="..\depends\cryptopp890\gcm.h">
      <Filter>ヘッダー ファイル\Crypto++</Filter>
    </ClInclude>
    <ClInclude Include="..\depends\cryptopp890\gf2_32.h">
      <Filter>ヘッダー ファイル\Crypto++</Filter>
    </ClInclude>
    <ClInclude Include="..\depends\cryptopp890\gf2n.h">
      <Filter>ヘッダー ファイル\Crypto++</Filter>
    </ClInclude>
    <ClInclude Include="..\depends\cryptopp890\gf256.h">
      <Filter>ヘッダー ファイル\Crypto++</Filter>
    </ClInclude>
    <ClInclude Include="..\depends\cryptopp890\gfpcrypt.h">
      <Filter>ヘッダー ファイル\Crypto++</Filter>
    </ClInclude>
    <ClInclude Include="..\depends\cryptopp890\gost.h">
      <Filter>ヘッダー ファイル\Crypto++</Filter>
    </ClInclude>
    <ClInclude Include="..\depends\cryptopp890\gzip.h">
      <Filter>ヘッダー ファイル\Crypto++</Filter>
    </ClInclude>
    <ClInclude Include="..\depends\cryptopp890\hashfwd.h">
      <Filter>ヘッダー ファイル\Crypto++</Filter>
    </ClInclude>
    <ClInclude Include="..\depends\cryptopp890\hc128.h">
      <Filter>ヘッダー ファイル\Crypto++</Filter>
    </ClInclude>
    <ClInclude Include="..\depends\cryptopp890\hc256.h">
      <Filter>ヘッダー ファイル\Crypto++</Filter>
    </ClInclude>
    <ClInclude Include="..\depends\cryptopp890\hex.h">
      <Filter>ヘッダー ファイル\Crypto++</Filter>
    </ClInclude>
    <ClInclude Include="..\depends\cryptopp890\hight.h">
      <Filter>ヘッダー ファイル\Crypto++</Filter>
    </ClInclude>
    <ClInclude Include="..\depends\cryptopp890\hkdf.h">
      <Filter>ヘッダー ファイル\Crypto++</Filter>
    </ClInclude>
    <ClInclude Include="..\depends\cryptopp890\hmac.h">
      <Filter>ヘッダー ファイル\Crypto++</Filter>
    </ClInclude>
    <ClInclude Include="..\depends\cryptopp890\hmqv.h">
      <Filter>ヘッダー ファイル\Crypto++</Filter>
    </ClInclude>
    <ClInclude Include="..\depends\cryptopp890\hrtimer.h">
      <Filter>ヘッダー ファイル\Crypto++</Filter>
    </ClInclude>
    <ClInclude Include="..\depends\cryptopp890\ida.h">
      <Filter>ヘッダー ファイル\Crypto++</Filter>
    </ClInclude>
    <ClInclude Include="..\depends\cryptopp890\idea.h">
      <Filter>ヘッダー ファイル\Crypto++</Filter>
    </ClInclude>
    <ClInclude Include="..\depends\cryptopp890\integer.h">
      <Filter>ヘッダー ファイル\Crypto++</Filter>
    </ClInclude>
    <ClInclude Include="..\depends\cryptopp890\iterhash.h">
      <Filter>ヘッダー ファイル\Crypto++</Filter>
    </ClInclude>
    <ClInclude Include="..\depends\cryptopp890\kalyna.h">
      <Filter>ヘッダー ファイル\Crypto++</Filter>
    </ClInclude>
    <ClInclude Include="..\depends\cryptopp890\keccak.h">
      <Filter>ヘッダー ファイル\Crypto++</Filter>
    </ClInclude>
    <ClInclude Include="..\depends\cryptopp890\lea.h">
      <Filter>ヘッダー ファイル\Crypto++</Filter>
    </ClInclude>
    <ClInclude Include="..\depends\cryptopp890\lsh.h">
      <Filter>ヘッダー ファイル\Crypto++</Filter>
    </ClInclude>
    <ClInclude Include="..\depends\cryptopp890\lubyrack.h">
      <Filter>ヘッダー ファイル\Crypto++</Filter>
    </ClInclude>
    <ClInclude Include="..\depends\cryptopp890\luc.h">
      <Filter>ヘッダー ファイル\Crypto++</Filter>
    </ClInclude>
    <ClInclude Include="..\depends\cryptopp890\mars.h">
      <Filter>ヘッダー ファイル\Crypto++</Filter>
    </ClInclude>
    <ClInclude Include="..\depends\cryptopp890\md2.h">
      <Filter>ヘッダー ファイル\Crypto++</Filter>
    </ClInclude>
    <ClInclude Include="..\depends\cryptopp890\md4.h">
      <Filter>ヘッダー ファイル\Crypto++</Filter>
    </ClInclude>
    <ClInclude Include="..\depends\cryptopp890\md5.h">
      <Filter>ヘッダー ファイル\Crypto++</Filter>
    </ClInclude>
    <ClInclude Include="..\depends\cryptopp890\mdc.h">
      <Filter>ヘッダー ファイル\Crypto++</Filter>
    </ClInclude>
    <ClInclude Include="..\depends\cryptopp890\mersenne.h">
      <Filter>ヘッダー ファイル\Crypto++</Filter>
    </ClInclude>
    <ClInclude Include="..\depends\cryptopp890\misc.h">
      <Filter>ヘッダー ファイル\Crypto++</Filter>
    </ClInclude>
    <ClInclude Include="..\depends\cryptopp890\modarith.h">
      <Filter>ヘッダー ファイル\Crypto++</Filter>
    </ClInclude>
    <ClInclude Include="..\depends\cryptopp890\modes.h">
      <Filter>ヘッダー ファイル\Crypto++</Filter>
    </ClInclude>
    <ClInclude Include="..\depends\cryptopp890\modexppc.h">
      <Filter>ヘッダー ファイル\Crypto++</Filter>
    </ClInclude>
    <ClInclude Include="..\depends\cryptopp890\mqueue.h">
      <Filter>ヘッダー ファイル\Crypto++</Filter>
    </ClInclude>
    <ClInclude Include="..\depends\cryptopp890\mqv.h">
      <Filter>ヘッダー ファイル\Crypto++</Filter>
    </ClInclude>
    <ClInclude Include="..\depends\cryptopp890\naclite.h">
      <Filter>ヘッダー ファイル\Crypto++</Filter>
    </ClInclude>
    <ClInclude Include="..\depends\cryptopp890\nbtheory.h">
      <Filter>ヘッダー ファイル\Crypto++</Filter>
    </ClInclude>
    <ClInclude Include="..\depends\cryptopp890\nr.h">
      <Filter>ヘッダー ファイル\Crypto++</Filter>
    </ClInclude>
    <ClInclude Include="..\depends\cryptopp890\oaep.h">
      <Filter>ヘッダー ファイル\Crypto++</Filter>
    </ClInclude>
    <ClInclude Include="..\depends\cryptopp890\oids.h">
      <Filter>ヘッダー ファイル\Crypto++</Filter>
    </ClInclude>
    <ClInclude Include="..\depends\cryptopp890\osrng.h">
      <Filter>ヘッダー ファイル\Crypto++</Filter>
    </ClInclude>
    <ClInclude Include="..\depends\cryptopp890\ossig.h">
      <Filter>ヘッダー ファイル\Crypto++</Filter>
    </ClInclude>
    <ClInclude Include="..\depends\cryptopp890\padlkrng.h">
      <Filter>ヘッダー ファイル\Crypto++</Filter>
    </ClInclude>
    <ClInclude Include="..\depends\cryptopp890\panama.h">
      <Filter>ヘッダー ファイル\Crypto++</Filter>
    </ClInclude>
    <ClInclude Include="..\depends\cryptopp890\pch.h">
      <Filter>ヘッダー ファイル\Crypto++</Filter>
    </ClInclude>
    <ClInclude Include="..\depends\cryptopp890\pkcspad.h">
      <Filter>ヘッダー ファイル\Crypto++</Filter>
    </ClInclude>
    <ClInclude Include="..\depends\cryptopp890\poly1305.h">
      <Filter>ヘッダー ファイル\Crypto++</Filter>
    </ClInclude>
    <ClInclude Include="..\depends\cryptopp890\polynomi.h">
      <Filter>ヘッダー ファイル\Crypto++</Filter>
    </ClInclude>
    <ClInclude Include="..\depends\cryptopp890\ppc_simd.h">
      <Filter>ヘッダー ファイル\Crypto++</Filter>
    </ClInclude>
    <ClInclude Include="..\depends\cryptopp890\pssr.h">
      <Filter>ヘッダー ファイル\Crypto++</Filter>
    </ClInclude>
    <ClInclude Include="..\depends\cryptopp890\pubkey.h">
      <Filter>ヘッダー ファイル\Crypto++</Filter>
    </ClInclude>
    <ClInclude Include="..\depends\cryptopp890\pwdbased.h">
      <Filter>ヘッダー ファイル\Crypto++</Filter>
    </ClInclude>
    <ClInclude Include="..\depends\cryptopp890\queue.h">
      <Filter>ヘッダー ファイル\Crypto++</Filter>
    </ClInclude>
    <ClInclude Include="..\depends\cryptopp890\rabbit.h">
      <Filter>ヘッダー ファイル\Crypto++</Filter>
    </ClInclude>
    <ClInclude Include="..\depends\cryptopp890\rabin.h">
      <Filter>ヘッダー ファイル\Crypto++</Filter>
    </ClInclude>
    <ClInclude Include="..\depends\cryptopp890\randpool.h">
      <Filter>ヘッダー ファイル\Crypto++</Filter>
    </ClInclude>
    <ClInclude Include="..\depends\cryptopp890\rc2.h">
      <Filter>ヘッダー ファイル\Crypto++</Filter>
    </ClInclude>
    <ClInclude Include="..\depends\cryptopp890\rc5.h">
      <Filter>ヘッダー ファイル\Crypto++</Filter>
    </ClInclude>
    <ClInclude Include="..\depends\cryptopp890\rc6.h">
      <Filter>ヘッダー ファイル\Crypto++</Filter>
    </ClInclude>
    <ClInclude Include="..\depends\cryptopp890\rdrand.h">
      <Filter>ヘッダー ファイル\Crypto++</Filter>
    </ClInclude>
    <ClInclude Include="..\depends\cryptopp890\resource.h">
      <Filter>ヘッダー ファイル\Crypto++</Filter>
    </ClInclude>
    <ClInclude Include="..\depends\cryptopp890\rijndael.h">
      <Filter>ヘッダー ファイル\Crypto++</Filter>
    </ClInclude>
    <ClInclude Include="..\depends\cryptopp890\ripemd.h">
      <Filter>ヘッダー ファイル\Crypto++</Filter>
    </ClInclude>
    <ClInclude Include="..\depends\cryptopp890\rng.h">
      <Filter>ヘッダー ファイル\Crypto++</Filter>
    </ClInclude>
    <ClInclude Include="..\depends\cryptopp890\rsa.h">
      <Filter>ヘッダー ファイル\Crypto++</Filter>
    </ClInclude>
    <ClInclude Include="..\depends\cryptopp890\rw.h">
      <Filter>ヘッダー ファイル\Crypto++</Filter>
    </ClInclude>
    <ClInclude Include="..\depends\cryptopp890\safer.h">
      <Filter>ヘッダー ファイル\Crypto++</Filter>
    </ClInclude>
    <ClInclude Include="..\depends\cryptopp890\salsa.h">
      <Filter>ヘッダー ファイル\Crypto++</Filter>
    </ClInclude>
    <ClInclude Include="..\depends\cryptopp890\scrypt.h">
      <Filter>ヘッダー ファイル\Crypto++</Filter>
    </ClInclude>
    <ClInclude Include="..\depends\cryptopp890\seal.h">
      <Filter>ヘッダー ファイル\Crypto++</Filter>
    </ClInclude>
    <ClInclude Include="..\depends\cryptopp890\secblock.h">
      <Filter>ヘッダー ファイル\Crypto++</Filter>
    </ClInclude>
    <ClInclude Include="..\depends\cryptopp890\secblockfwd.h">
      <Filter>ヘッダー ファイル\Crypto++</Filter>
    </ClInclude>
    <ClInclude Include="..\depends\cryptopp890\seckey.h">
      <Filter>ヘッダー ファイル\Crypto++</Filter>
    </ClInclude>
    <ClInclude Include="..\depends\cryptopp890\seed.h">
      <Filter>ヘッダー ファイル\Crypto++</Filter>
    </ClInclude>
    <ClInclude Include="..\depends\cryptopp890\serpent.h">
      <Filter>ヘッダー ファイル\Crypto++</Filter>
    </ClInclude>
    <ClInclude Include="..\depends\cryptopp890\serpentp.h">
      <Filter>ヘッダー ファイル\Crypto++</Filter>
    </ClInclude>
    <ClInclude Include="..\depends\cryptopp890\sha.h">
      <Filter>ヘッダー ファイル\Crypto++</Filter>
    </ClInclude>
    <ClInclude Include="..\depends\cryptopp890\sha1_armv4.h">
      <Filter>ヘッダー ファイル\Crypto++</Filter>
    </ClInclude>
    <ClInclude Include="..\depends\cryptopp890\sha3.h">
      <Filter>ヘッダー ファイル\Crypto++</Filter>
    </ClInclude>
    <ClInclude Include="..\depends\cryptopp890\sha256_armv4.h">
      <Filter>ヘッダー ファイル\Crypto++</Filter>
    </ClInclude>
    <ClInclude Include="..\depends\cryptopp890\sha512_armv4.h">
      <Filter>ヘッダー ファイル\Crypto++</Filter>
    </ClInclude>
    <ClInclude Include="..\depends\cryptopp890\shacal2.h">
      <Filter>ヘッダー ファイル\Crypto++</Filter>
    </ClInclude>
    <ClInclude Include="..\depends\cryptopp890\shake.h">
      <Filter>ヘッダー ファイル\Crypto++</Filter>
    </ClInclude>
    <ClInclude Include="..\depends\cryptopp890\shark.h">
      <Filter>ヘッダー ファイル\Crypto++</Filter>
    </ClInclude>
    <ClInclude Include="..\depends\cryptopp890\simeck.h">
      <Filter>ヘッダー ファイル\Crypto++</Filter>
    </ClInclude>
    <ClInclude Include="..\depends\cryptopp890\simon.h">
      <Filter>ヘッダー ファイル\Crypto++</Filter>
    </ClInclude>
    <ClInclude Include="..\depends\cryptopp890\simple.h">
      <Filter>ヘッダー ファイル\Crypto++</Filter>
    </ClInclude>
    <ClInclude Include="..\depends\cryptopp890\siphash.h">
      <Filter>ヘッダー ファイル\Crypto++</Filter>
    </ClInclude>
    <ClInclude Include="..\depends\cryptopp890\skipjack.h">
      <Filter>ヘッダー ファイル\Crypto++</Filter>
    </ClInclude>
    <ClInclude Include="..\depends\cryptopp890\sm3.h">
      <Filter>ヘッダー ファイル\Crypto++</Filter>
    </ClInclude>
    <ClInclude Include="..\depends\cryptopp890\sm4.h">
      <Filter>ヘッダー ファイル\Crypto++</Filter>
    </ClInclude>
    <ClInclude Include="..\depends\cryptopp890\smartptr.h">
      <Filter>ヘッダー ファイル\Crypto++</Filter>
    </ClInclude>
    <ClInclude Include="..\depends\cryptopp890\sosemanuk.h">
      <Filter>ヘッダー ファイル\Crypto++</Filter>
    </ClInclude>
    <ClInclude Include="..\depends\cryptopp890\speck.h">
      <Filter>ヘッダー ファイル\Crypto++</Filter>
    </ClInclude>
    <ClInclude Include="..\depends\cryptopp890\square.h">
      <Filter>ヘッダー ファイル\Crypto++</Filter>
    </ClInclude>
    <ClInclude Include="..\depends\cryptopp890\stdcpp.h">
      <Filter>ヘッダー ファイル\Crypto++</Filter>
    </ClInclude>
    <ClInclude Include="..\depends\cryptopp890\strciphr.h">
      <Filter>ヘッダー ファイル\Crypto++</Filter>
    </ClInclude>
    <ClInclude Include="..\depends\cryptopp890\tea.h">
      <Filter>ヘッダー ファイル\Crypto++</Filter>
    </ClInclude>
    <ClInclude Include="..\depends\cryptopp890\threefish.h">
      <Filter>ヘッダー ファイル\Crypto++</Filter>
    </ClInclude>
    <ClInclude Include="..\depends\cryptopp890\tiger.h">
      <Filter>ヘッダー ファイル\Crypto++</Filter>
    </ClInclude>
    <ClInclude Include="..\depends\cryptopp890\trap.h">
      <Filter>ヘッダー ファイル\Crypto++</Filter>
    </ClInclude>
    <ClInclude Include="..\depends\cryptopp890\trunhash.h">
      <Filter>ヘッダー ファイル\Crypto++</Filter>
    </ClInclude>
    <ClInclude Include="..\depends\cryptopp890\ttmac.h">
      <Filter>ヘッダー ファイル\Crypto++</Filter>
    </ClInclude>
    <ClInclude Include="..\depends\cryptopp890\tweetnacl.h">
      <Filter>ヘッダー ファイル\Crypto++</Filter>
    </ClInclude>
    <ClInclude Include="..\depends\cryptopp890\twofish.h">
      <Filter>ヘッダー ファイル\Crypto++</Filter>
    </ClInclude>
    <ClInclude Include="..\depends\cryptopp890\validate.h">
      <Filter>ヘッダー ファイル\Crypto++</Filter>
    </ClInclude>
    <ClInclude Include="..\depends\cryptopp890\vmac.h">
      <Filter>ヘッダー ファイル\Crypto++</Filter>
    </ClInclude>
    <ClInclude Include="..\depends\cryptopp890\wake.h">
      <Filter>ヘッダー ファイル\Crypto++</Filter>
    </ClInclude>
    <ClInclude Include="..\depends\cryptopp890\whrlpool.h">
      <Filter>ヘッダー ファイル\Crypto++</Filter>
    </ClInclude>
    <ClInclude Include="..\depends\cryptopp890\words.h">
      <Filter>ヘッダー ファイル\Crypto++</Filter>
    </ClInclude>
    <ClInclude Include="..\depends\cryptopp890\xed25519.h">
      <Filter>ヘッダー ファイル\Crypto++</Filter>
    </ClInclude>
    <ClInclude Include="..\depends\cryptopp890\xtr.h">
      <Filter>ヘッダー ファイル\Crypto++</Filter>
    </ClInclude>
    <ClInclude Include="..\depends\cryptopp890\xtrcrypt.h">
      <Filter>ヘッダー ファイル\Crypto++</Filter>
    </ClInclude>
    <ClInclude Include="..\depends\cryptopp890\xts.h">
      <Filter>ヘッダー ファイル\Crypto++</Filter>
    </ClInclude>
    <ClInclude Include="..\depends\cryptopp890\zdeflate.h">
      <Filter>ヘッダー ファイル\Crypto++</Filter>
    </ClInclude>
    <ClInclude Include="..\depends\cryptopp890\zinflate.h">
      <Filter>ヘッダー ファイル\Crypto++</Filter>
    </ClInclude>
  </ItemGroup>
  <ItemGroup>
    <None Include="packages.config" />
  </ItemGroup>
</Project>